
Microsoft Visual Studio Solution File, Format Version 12.00
# Visual Studio Version 16
VisualStudioVersion = 16.0.31112.23
MinimumVisualStudioVersion = 10.0.40219.1
Project("{888888A0-9F3D-457C-B088-3A5042F75D52}") = "PythonApplication_Rest", "PythonApplication_Rest.pyproj", "{08179056-59C5-4E10-A6C4-529E4C57DA58}"
EndProject
Global
	GlobalSection(SolutionConfigurationPlatforms) = preSolution
		Debug|Any CPU = Debug|Any CPU
		Release|Any CPU = Release|Any CPU
	EndGlobalSection
	GlobalSection(ProjectConfigurationPlatforms) = postSolution
		{08179056-59C5-4E10-A6C4-529E4C57DA58}.Debug|Any CPU.ActiveCfg = Debug|Any CPU
		{08179056-59C5-4E10-A6C4-529E4C57DA58}.Release|Any CPU.ActiveCfg = Release|Any CPU
	EndGlobalSection
	GlobalSection(SolutionProperties) = preSolution
		HideSolutionNode = FALSE
	EndGlobalSection
	GlobalSection(ExtensibilityGlobals) = postSolution
		SolutionGuid = {AE41E619-7AE1-4FAF-9BB1-1218E1561FB7}
	EndGlobalSection
EndGlobal
